Microsoft Visual Studio Solution File, Format Version 12.00
# Visual Studio Version 17
VisualStudioVersion = 17.5.2.0
MinimumVisualStudioVersion = 10.0.40219.1
Project("{FAE04EC0-301F-11D3-BF4B-00C04F79EFBC}") = "GroupApp.Core", "GroupApp.Core.csproj", "{CF76D25E-6288-2757-1199-11AE800D86A9}"
EndProject
Global
	GlobalSection(SolutionConfigurationPlatforms) = preSolution
		Debug|Any CPU = Debug|Any CPU
		Release|Any CPU = Release|Any CPU
	EndGlobalSection
	GlobalSection(ProjectConfigurationPlatforms) = postSolution
		{CF76D25E-6288-2757-1199-11AE800D86A9}.Debug|Any CPU.ActiveCfg = Debug|Any CPU
		{CF76D25E-6288-2757-1199-11AE800D86A9}.Debug|Any CPU.Build.0 = Debug|Any CPU
		{CF76D25E-6288-2757-1199-11AE800D86A9}.Release|Any CPU.ActiveCfg = Release|Any CPU
		{CF76D25E-6288-2757-1199-11AE800D86A9}.Release|Any CPU.Build.0 = Release|Any CPU
	EndGlobalSection
	GlobalSection(SolutionProperties) = preSolution
		HideSolutionNode = FALSE
	EndGlobalSection
	GlobalSection(ExtensibilityGlobals) = postSolution
		SolutionGuid = {259DDB28-9D3C-402A-9111-C5D69F47A3BF}
	EndGlobalSection
EndGlobal
