Microsoft Visual Studio Solution File, Format Version 12.00
# Visual Studio Version 17
VisualStudioVersion = 17.5.2.0
MinimumVisualStudioVersion = 10.0.40219.1
Project("{FAE04EC0-301F-11D3-BF4B-00C04F79EFBC}") = "GroupApp.API", "GroupApp.API.csproj", "{FF968CBC-A63E-DFBD-46A1-2AE71AAFE850}"
EndProject
Global
	GlobalSection(SolutionConfigurationPlatforms) = preSolution
		Debug|Any CPU = Debug|Any CPU
		Release|Any CPU = Release|Any CPU
	EndGlobalSection
	GlobalSection(ProjectConfigurationPlatforms) = postSolution
		{FF968CBC-A63E-DFBD-46A1-2AE71AAFE850}.Debug|Any CPU.ActiveCfg = Debug|Any CPU
		{FF968CBC-A63E-DFBD-46A1-2AE71AAFE850}.Debug|Any CPU.Build.0 = Debug|Any CPU
		{FF968CBC-A63E-DFBD-46A1-2AE71AAFE850}.Release|Any CPU.ActiveCfg = Release|Any CPU
		{FF968CBC-A63E-DFBD-46A1-2AE71AAFE850}.Release|Any CPU.Build.0 = Release|Any CPU
	EndGlobalSection
	GlobalSection(SolutionProperties) = preSolution
		HideSolutionNode = FALSE
	EndGlobalSection
	GlobalSection(ExtensibilityGlobals) = postSolution
		SolutionGuid = {555185C2-D2F5-472D-A77C-A26CC7A1ED6A}
	EndGlobalSection
EndGlobal
